
Microsoft Visual Studio Solution File, Format Version 12.00
# Visual Studio Version 17
VisualStudioVersion = 17.8.34330.188
MinimumVisualStudioVersion = 10.0.40219.1
Project("{9A19103F-16F7-4668-BE54-9A1E7A4F7556}") = "FestivalApp.Server", "Server\FestivalApp.Server.csproj", "{24C8B93A-F825-4276-9FAB-7F22A5205626}"
EndProject
Project("{9A19103F-16F7-4668-BE54-9A1E7A4F7556}") = "FestivalApp.Client", "Client\FestivalApp.Client.csproj", "{B0D50712-17CA-4235-9F37-7FC494691938}"
EndProject
Project("{9A19103F-16F7-4668-BE54-9A1E7A4F7556}") = "FestivalApp.Shared", "Shared\FestivalApp.Shared.csproj", "{C3E634DF-ED78-4C66-B8E4-3AF2E6D41AA9}"
EndProject
Global
	GlobalSection(SolutionConfigurationPlatforms) = preSolution
		Debug|Any CPU = Debug|Any CPU
		Release|Any CPU = Release|Any CPU
	EndGlobalSection
	GlobalSection(ProjectConfigurationPlatforms) = postSolution
		{24C8B93A-F825-4276-9FAB-7F22A5205626}.Debug|Any CPU.ActiveCfg = Debug|Any CPU
		{24C8B93A-F825-4276-9FAB-7F22A5205626}.Debug|Any CPU.Build.0 = Debug|Any CPU
		{24C8B93A-F825-4276-9FAB-7F22A5205626}.Release|Any CPU.ActiveCfg = Release|Any CPU
		{24C8B93A-F825-4276-9FAB-7F22A5205626}.Release|Any CPU.Build.0 = Release|Any CPU
		{B0D50712-17CA-4235-9F37-7FC494691938}.Debug|Any CPU.ActiveCfg = Debug|Any CPU
		{B0D50712-17CA-4235-9F37-7FC494691938}.Debug|Any CPU.Build.0 = Debug|Any CPU
		{B0D50712-17CA-4235-9F37-7FC494691938}.Release|Any CPU.ActiveCfg = Release|Any CPU
		{B0D50712-17CA-4235-9F37-7FC494691938}.Release|Any CPU.Build.0 = Release|Any CPU
		{C3E634DF-ED78-4C66-B8E4-3AF2E6D41AA9}.Debug|Any CPU.ActiveCfg = Debug|Any CPU
		{C3E634DF-ED78-4C66-B8E4-3AF2E6D41AA9}.Debug|Any CPU.Build.0 = Debug|Any CPU
		{C3E634DF-ED78-4C66-B8E4-3AF2E6D41AA9}.Release|Any CPU.ActiveCfg = Release|Any CPU
		{C3E634DF-ED78-4C66-B8E4-3AF2E6D41AA9}.Release|Any CPU.Build.0 = Release|Any CPU
	EndGlobalSection
	GlobalSection(SolutionProperties) = preSolution
		HideSolutionNode = FALSE
	EndGlobalSection
	GlobalSection(ExtensibilityGlobals) = postSolution
		SolutionGuid = {000BF1D3-8950-4F0E-B77B-E9E20DD44493}
	EndGlobalSection
EndGlobal
